
Microsoft Visual Studio Solution File, Format Version 12.00
# Visual Studio Version 16
VisualStudioVersion = 16.0.29613.14
MinimumVisualStudioVersion = 10.0.40219.1
Project("{FAE04EC0-301F-11D3-BF4B-00C04F79EFBC}") = "Shop.Services", "..\Shop.Services\Shop.Services.csproj", "{2E30C4EF-2E4F-468C-AB6E-60BDC87AF1CD}"
EndProject
Project("{FAE04EC0-301F-11D3-BF4B-00C04F79EFBC}") = "Shop.WebUI", "..\Shop.WebUI\Shop.WebUI.csproj", "{5C4AFA86-6EB2-4F52-9EB2-B83C28A630D5}"
EndProject
Project("{FAE04EC0-301F-11D3-BF4B-00C04F79EFBC}") = "Shop.Core", "Shop.Core\Shop.Core.csproj", "{3B568137-741B-4DCD-848E-8452B27E9108}"
EndProject
Project("{FAE04EC0-301F-11D3-BF4B-00C04F79EFBC}") = "Shop.DataAcessSQL", "Shop.DataAcessSQL\Shop.DataAcessSQL.csproj", "{3678B790-86C8-4F50-9F94-EA04C92CF648}"
EndProject
Global
	GlobalSection(SolutionConfigurationPlatforms) = preSolution
		Debug|Any CPU = Debug|Any CPU
		Release|Any CPU = Release|Any CPU
	EndGlobalSection
	GlobalSection(ProjectConfigurationPlatforms) = postSolution
		{2E30C4EF-2E4F-468C-AB6E-60BDC87AF1CD}.Debug|Any CPU.ActiveCfg = Debug|Any CPU
		{2E30C4EF-2E4F-468C-AB6E-60BDC87AF1CD}.Debug|Any CPU.Build.0 = Debug|Any CPU
		{2E30C4EF-2E4F-468C-AB6E-60BDC87AF1CD}.Release|Any CPU.ActiveCfg = Release|Any CPU
		{2E30C4EF-2E4F-468C-AB6E-60BDC87AF1CD}.Release|Any CPU.Build.0 = Release|Any CPU
		{5C4AFA86-6EB2-4F52-9EB2-B83C28A630D5}.Debug|Any CPU.ActiveCfg = Debug|Any CPU
		{5C4AFA86-6EB2-4F52-9EB2-B83C28A630D5}.Debug|Any CPU.Build.0 = Debug|Any CPU
		{5C4AFA86-6EB2-4F52-9EB2-B83C28A630D5}.Release|Any CPU.ActiveCfg = Release|Any CPU
		{5C4AFA86-6EB2-4F52-9EB2-B83C28A630D5}.Release|Any CPU.Build.0 = Release|Any CPU
		{3B568137-741B-4DCD-848E-8452B27E9108}.Debug|Any CPU.ActiveCfg = Debug|Any CPU
		{3B568137-741B-4DCD-848E-8452B27E9108}.Debug|Any CPU.Build.0 = Debug|Any CPU
		{3B568137-741B-4DCD-848E-8452B27E9108}.Release|Any CPU.ActiveCfg = Release|Any CPU
		{3B568137-741B-4DCD-848E-8452B27E9108}.Release|Any CPU.Build.0 = Release|Any CPU
		{3678B790-86C8-4F50-9F94-EA04C92CF648}.Debug|Any CPU.ActiveCfg = Debug|Any CPU
		{3678B790-86C8-4F50-9F94-EA04C92CF648}.Debug|Any CPU.Build.0 = Debug|Any CPU
		{3678B790-86C8-4F50-9F94-EA04C92CF648}.Release|Any CPU.ActiveCfg = Release|Any CPU
		{3678B790-86C8-4F50-9F94-EA04C92CF648}.Release|Any CPU.Build.0 = Release|Any CPU
	EndGlobalSection
	GlobalSection(SolutionProperties) = preSolution
		HideSolutionNode = FALSE
	EndGlobalSection
	GlobalSection(ExtensibilityGlobals) = postSolution
		SolutionGuid = {21948BE1-9395-4F61-B209-428674DC7FC6}
	EndGlobalSection
EndGlobal
